
Microsoft Visual Studio Solution File, Format Version 12.00
# Visual Studio Version 17
VisualStudioVersion = 17.10.35013.160
MinimumVisualStudioVersion = 10.0.40219.1
Project("{9A19103F-16F7-4668-BE54-9A1E7A4F7556}") = "ControleGastosResidenciais.Server", "ControleGastosResidenciais.Server\ControleGastosResidenciais.Server.csproj", "{C61A59D7-8981-46EA-A7DB-74101CE53C31}"
EndProject
Project("{54A90642-561A-4BB1-A94E-469ADEE60C69}") = "controlegastosresidenciais.client", "controlegastosresidenciais.client\controlegastosresidenciais.client.esproj", "{8A7C3465-8679-480A-9307-E98ED361D47E}"
EndProject
Project("{2150E333-8FDC-42A3-9474-1A3956D46DE8}") = "Itens de Solução", "Itens de Solução", "{267980FD-899E-4198-B2B2-F267360C1D14}"
	ProjectSection(SolutionItems) = preProject
		.gitignore = .gitignore
	EndProjectSection
EndProject
Global
	GlobalSection(SolutionConfigurationPlatforms) = preSolution
		Debug|Any CPU = Debug|Any CPU
		Release|Any CPU = Release|Any CPU
	EndGlobalSection
	GlobalSection(ProjectConfigurationPlatforms) = postSolution
		{C61A59D7-8981-46EA-A7DB-74101CE53C31}.Debug|Any CPU.ActiveCfg = Debug|Any CPU
		{C61A59D7-8981-46EA-A7DB-74101CE53C31}.Debug|Any CPU.Build.0 = Debug|Any CPU
		{C61A59D7-8981-46EA-A7DB-74101CE53C31}.Release|Any CPU.ActiveCfg = Release|Any CPU
		{C61A59D7-8981-46EA-A7DB-74101CE53C31}.Release|Any CPU.Build.0 = Release|Any CPU
		{8A7C3465-8679-480A-9307-E98ED361D47E}.Debug|Any CPU.ActiveCfg = Debug|Any CPU
		{8A7C3465-8679-480A-9307-E98ED361D47E}.Debug|Any CPU.Build.0 = Debug|Any CPU
		{8A7C3465-8679-480A-9307-E98ED361D47E}.Debug|Any CPU.Deploy.0 = Debug|Any CPU
		{8A7C3465-8679-480A-9307-E98ED361D47E}.Release|Any CPU.ActiveCfg = Release|Any CPU
		{8A7C3465-8679-480A-9307-E98ED361D47E}.Release|Any CPU.Build.0 = Release|Any CPU
		{8A7C3465-8679-480A-9307-E98ED361D47E}.Release|Any CPU.Deploy.0 = Release|Any CPU
	EndGlobalSection
	GlobalSection(SolutionProperties) = preSolution
		HideSolutionNode = FALSE
	EndGlobalSection
	GlobalSection(ExtensibilityGlobals) = postSolution
		SolutionGuid = {C92AC208-761B-4F0F-B8A9-E642E4812E84}
	EndGlobalSection
EndGlobal
